
Microsoft Visual Studio Solution File, Format Version 12.00
Project("{2150E333-8FDC-42A3-9474-1A3956D46DE8}") = "src", "src", "{94B0B760-A75B-4862-BD14-266078329976}"
	ProjectSection(SolutionItems) = preProject
		src\Directory.Build.props = src\Directory.Build.props
		src\global.json.orig = src\global.json.orig
		src\.gitignore = src\.gitignore
	EndProjectSection
EndProject
Project("{2150E333-8FDC-42A3-9474-1A3956D46DE8}") = "Solution Items", "Solution Items", "{3DA99C4E-89E3-4049-9C22-0A7EC60D83D8}"
	ProjectSection(SolutionItems) = preProject
					LICENSE.txt = LICENSE.txt
					README.md = README.md
					.gitignore = .gitignore
					.cleansolution.sh = .cleansolution.sh
														src\Directory.Build.props = src\Directory.Build.props
	EndProjectSection
EndProject
Project("{FAE04EC0-301F-11D3-BF4B-00C04F79EFBC}") = "DDS.Core", "src\DDS.Core\DDS.Core.csproj", "{74C64E24-9494-4410-BC73-6EDD6791BC98}"
EndProject
Project("{2150E333-8FDC-42A3-9474-1A3956D46DE8}") = "Avalonia", "Avalonia", "{CB4831B1-80FA-45B7-9485-45D471B8E7F4}"
EndProject
Project("{FAE04EC0-301F-11D3-BF4B-00C04F79EFBC}") = "DDS.Avalonia", "src\DDS.Avalonia\DDS.Avalonia.csproj", "{2B4CCA97-7AE9-49A8-AFDB-2D8CB72F224B}"
EndProject
Project("{FAE04EC0-301F-11D3-BF4B-00C04F79EFBC}") = "DDS.Avalonia.Android", "src\DDS.Avalonia.Android\DDS.Avalonia.Android.csproj", "{18DC94AC-29A0-4378-B732-0CC9EA9D9072}"
EndProject
Project("{FAE04EC0-301F-11D3-BF4B-00C04F79EFBC}") = "DDS.Avalonia.Desktop", "src\DDS.Avalonia.Desktop\DDS.Avalonia.Desktop.csproj", "{B2FF64A9-8D6F-48A1-843E-0E84AD444310}"
EndProject
Project("{FAE04EC0-301F-11D3-BF4B-00C04F79EFBC}") = "DDS.Avalonia.Mobile", "src\DDS.Avalonia.Mobile\DDS.Avalonia.Mobile.csproj", "{6C2FB1A8-C309-4B12-B859-5447B09A5DBF}"
EndProject
Project("{FAE04EC0-301F-11D3-BF4B-00C04F79EFBC}") = "DDS.Avalonia.Web", "src\DDS.Avalonia.Web\DDS.Avalonia.Web.csproj", "{67685C4A-2044-4BB8-9183-479FA3DC7121}"
EndProject
Project("{FAE04EC0-301F-11D3-BF4B-00C04F79EFBC}") = "Binkus.ReactiveMvvm", "src\Binkus.ReactiveMvvm\Binkus.ReactiveMvvm.csproj", "{D076AF37-98AF-4C3E-ACCD-10002804CEA1}"
EndProject
Project("{FAE04EC0-301F-11D3-BF4B-00C04F79EFBC}") = "Binkus.DependencyInjection.Abstractions", "src\Binkus.DependencyInjection.Abstractions\Binkus.DependencyInjection.Abstractions.csproj", "{99DEBBFC-5EDD-4147-90CB-5B77F0F246E3}"
EndProject
Project("{FAE04EC0-301F-11D3-BF4B-00C04F79EFBC}") = "Binkus.DependencyInjection", "src\Binkus.DependencyInjection\Binkus.DependencyInjection.csproj", "{2C142053-2795-47BA-9C9F-FBDA8E45313B}"
EndProject
Project("{FAE04EC0-301F-11D3-BF4B-00C04F79EFBC}") = "Binkus.Extensions", "src\Binkus.Extensions\Binkus.Extensions.csproj", "{7D8C3B5F-D0BD-4E1C-B6EB-18A006F6F6C0}"
EndProject
Project("{FAE04EC0-301F-11D3-BF4B-00C04F79EFBC}") = "Binkus.Extensions.TimeSpan", "src\Binkus.Extensions.TimeSpan\Binkus.Extensions.TimeSpan.csproj", "{6F31E954-19C3-4A86-B52E-8EBF90B88009}"
EndProject
Project("{FAE04EC0-301F-11D3-BF4B-00C04F79EFBC}") = "Binkus.IsExternalInit", "src\Binkus.IsExternalInit\Binkus.IsExternalInit.csproj", "{260226E0-7CBF-4D89-801B-0721F45709DE}"
EndProject
Project("{2150E333-8FDC-42A3-9474-1A3956D46DE8}") = "Libs", "Libs", "{43D24F56-9266-4BE0-B7E4-257805E30324}"
EndProject
Project("{2150E333-8FDC-42A3-9474-1A3956D46DE8}") = "App", "App", "{4BEB217F-9E26-4444-9D1A-F84DDC5562E3}"
EndProject
Project("{2150E333-8FDC-42A3-9474-1A3956D46DE8}") = "Maui", "Maui", "{1C763422-87ED-49FF-A508-8C3EAE54CF5D}"
EndProject
Project("{FAE04EC0-301F-11D3-BF4B-00C04F79EFBC}") = "DDS.Avalonia.iOS", "src\DDS.Avalonia.iOS\DDS.Avalonia.iOS.csproj", "{8E311FE4-AA54-4EAA-9BE8-17AB2DC12AA0}"
EndProject
Project("{2150E333-8FDC-42A3-9474-1A3956D46DE8}") = "tests", "tests", "{AA47E30C-6C50-443A-88A5-FD9BFDA9C31C}"
EndProject
Project("{FAE04EC0-301F-11D3-BF4B-00C04F79EFBC}") = "Benchmarks", "tests\Benchmarks\Benchmarks.csproj", "{AF7512E0-9D2F-4685-9E5D-937174981D1A}"
EndProject
Project("{FAE04EC0-301F-11D3-BF4B-00C04F79EFBC}") = "Binkus.Extensions.Stopwatch", "src\Binkus.Extensions.Stopwatch\Binkus.Extensions.Stopwatch.csproj", "{6A313623-4849-4C22-8491-3BE76A7621E6}"
EndProject
Global
	GlobalSection(SolutionConfigurationPlatforms) = preSolution
		Debug|Any CPU = Debug|Any CPU
		Release|Any CPU = Release|Any CPU
	EndGlobalSection
	GlobalSection(ProjectConfigurationPlatforms) = postSolution
		{18DC94AC-29A0-4378-B732-0CC9EA9D9072}.Debug|Any CPU.ActiveCfg = Debug|Any CPU
		{18DC94AC-29A0-4378-B732-0CC9EA9D9072}.Debug|Any CPU.Build.0 = Debug|Any CPU
		{18DC94AC-29A0-4378-B732-0CC9EA9D9072}.Debug|Any CPU.Deploy.0 = Debug|Any CPU
		{18DC94AC-29A0-4378-B732-0CC9EA9D9072}.Release|Any CPU.ActiveCfg = Release|Any CPU
		{18DC94AC-29A0-4378-B732-0CC9EA9D9072}.Release|Any CPU.Build.0 = Release|Any CPU
		{18DC94AC-29A0-4378-B732-0CC9EA9D9072}.Release|Any CPU.Deploy.0 = Release|Any CPU
		{B2FF64A9-8D6F-48A1-843E-0E84AD444310}.Debug|Any CPU.ActiveCfg = Debug|Any CPU
		{B2FF64A9-8D6F-48A1-843E-0E84AD444310}.Debug|Any CPU.Build.0 = Debug|Any CPU
		{B2FF64A9-8D6F-48A1-843E-0E84AD444310}.Release|Any CPU.ActiveCfg = Release|Any CPU
		{B2FF64A9-8D6F-48A1-843E-0E84AD444310}.Release|Any CPU.Build.0 = Release|Any CPU
		{67685C4A-2044-4BB8-9183-479FA3DC7121}.Debug|Any CPU.ActiveCfg = Debug|Any CPU
		{67685C4A-2044-4BB8-9183-479FA3DC7121}.Debug|Any CPU.Build.0 = Debug|Any CPU
		{67685C4A-2044-4BB8-9183-479FA3DC7121}.Release|Any CPU.ActiveCfg = Release|Any CPU
		{67685C4A-2044-4BB8-9183-479FA3DC7121}.Release|Any CPU.Build.0 = Release|Any CPU
		{2B4CCA97-7AE9-49A8-AFDB-2D8CB72F224B}.Debug|Any CPU.ActiveCfg = Debug|Any CPU
		{2B4CCA97-7AE9-49A8-AFDB-2D8CB72F224B}.Debug|Any CPU.Build.0 = Debug|Any CPU
		{2B4CCA97-7AE9-49A8-AFDB-2D8CB72F224B}.Release|Any CPU.ActiveCfg = Release|Any CPU
		{2B4CCA97-7AE9-49A8-AFDB-2D8CB72F224B}.Release|Any CPU.Build.0 = Release|Any CPU
		{6C2FB1A8-C309-4B12-B859-5447B09A5DBF}.Debug|Any CPU.ActiveCfg = Debug|Any CPU
		{6C2FB1A8-C309-4B12-B859-5447B09A5DBF}.Debug|Any CPU.Build.0 = Debug|Any CPU
		{6C2FB1A8-C309-4B12-B859-5447B09A5DBF}.Release|Any CPU.ActiveCfg = Release|Any CPU
		{6C2FB1A8-C309-4B12-B859-5447B09A5DBF}.Release|Any CPU.Build.0 = Release|Any CPU
		{74C64E24-9494-4410-BC73-6EDD6791BC98}.Debug|Any CPU.ActiveCfg = Debug|Any CPU
		{74C64E24-9494-4410-BC73-6EDD6791BC98}.Debug|Any CPU.Build.0 = Debug|Any CPU
		{74C64E24-9494-4410-BC73-6EDD6791BC98}.Release|Any CPU.ActiveCfg = Release|Any CPU
		{74C64E24-9494-4410-BC73-6EDD6791BC98}.Release|Any CPU.Build.0 = Release|Any CPU
		{D076AF37-98AF-4C3E-ACCD-10002804CEA1}.Debug|Any CPU.ActiveCfg = Debug|Any CPU
		{D076AF37-98AF-4C3E-ACCD-10002804CEA1}.Debug|Any CPU.Build.0 = Debug|Any CPU
		{D076AF37-98AF-4C3E-ACCD-10002804CEA1}.Release|Any CPU.ActiveCfg = Release|Any CPU
		{D076AF37-98AF-4C3E-ACCD-10002804CEA1}.Release|Any CPU.Build.0 = Release|Any CPU
		{99DEBBFC-5EDD-4147-90CB-5B77F0F246E3}.Debug|Any CPU.ActiveCfg = Debug|Any CPU
		{99DEBBFC-5EDD-4147-90CB-5B77F0F246E3}.Debug|Any CPU.Build.0 = Debug|Any CPU
		{99DEBBFC-5EDD-4147-90CB-5B77F0F246E3}.Release|Any CPU.ActiveCfg = Release|Any CPU
		{99DEBBFC-5EDD-4147-90CB-5B77F0F246E3}.Release|Any CPU.Build.0 = Release|Any CPU
		{2C142053-2795-47BA-9C9F-FBDA8E45313B}.Debug|Any CPU.ActiveCfg = Debug|Any CPU
		{2C142053-2795-47BA-9C9F-FBDA8E45313B}.Debug|Any CPU.Build.0 = Debug|Any CPU
		{2C142053-2795-47BA-9C9F-FBDA8E45313B}.Release|Any CPU.ActiveCfg = Release|Any CPU
		{2C142053-2795-47BA-9C9F-FBDA8E45313B}.Release|Any CPU.Build.0 = Release|Any CPU
		{7D8C3B5F-D0BD-4E1C-B6EB-18A006F6F6C0}.Debug|Any CPU.ActiveCfg = Debug|Any CPU
		{7D8C3B5F-D0BD-4E1C-B6EB-18A006F6F6C0}.Debug|Any CPU.Build.0 = Debug|Any CPU
		{7D8C3B5F-D0BD-4E1C-B6EB-18A006F6F6C0}.Release|Any CPU.ActiveCfg = Release|Any CPU
		{7D8C3B5F-D0BD-4E1C-B6EB-18A006F6F6C0}.Release|Any CPU.Build.0 = Release|Any CPU
		{6F31E954-19C3-4A86-B52E-8EBF90B88009}.Debug|Any CPU.ActiveCfg = Debug|Any CPU
		{6F31E954-19C3-4A86-B52E-8EBF90B88009}.Debug|Any CPU.Build.0 = Debug|Any CPU
		{6F31E954-19C3-4A86-B52E-8EBF90B88009}.Release|Any CPU.ActiveCfg = Release|Any CPU
		{6F31E954-19C3-4A86-B52E-8EBF90B88009}.Release|Any CPU.Build.0 = Release|Any CPU
		{260226E0-7CBF-4D89-801B-0721F45709DE}.Debug|Any CPU.ActiveCfg = Debug|Any CPU
		{260226E0-7CBF-4D89-801B-0721F45709DE}.Debug|Any CPU.Build.0 = Debug|Any CPU
		{260226E0-7CBF-4D89-801B-0721F45709DE}.Release|Any CPU.ActiveCfg = Release|Any CPU
		{260226E0-7CBF-4D89-801B-0721F45709DE}.Release|Any CPU.Build.0 = Release|Any CPU
		{8E311FE4-AA54-4EAA-9BE8-17AB2DC12AA0}.Debug|Any CPU.ActiveCfg = Debug|Any CPU
		{8E311FE4-AA54-4EAA-9BE8-17AB2DC12AA0}.Debug|Any CPU.Build.0 = Debug|Any CPU
		{8E311FE4-AA54-4EAA-9BE8-17AB2DC12AA0}.Release|Any CPU.ActiveCfg = Release|Any CPU
		{8E311FE4-AA54-4EAA-9BE8-17AB2DC12AA0}.Release|Any CPU.Build.0 = Release|Any CPU
		{AF7512E0-9D2F-4685-9E5D-937174981D1A}.Debug|Any CPU.ActiveCfg = Debug|Any CPU
		{AF7512E0-9D2F-4685-9E5D-937174981D1A}.Debug|Any CPU.Build.0 = Debug|Any CPU
		{AF7512E0-9D2F-4685-9E5D-937174981D1A}.Release|Any CPU.ActiveCfg = Release|Any CPU
		{AF7512E0-9D2F-4685-9E5D-937174981D1A}.Release|Any CPU.Build.0 = Release|Any CPU
		{6A313623-4849-4C22-8491-3BE76A7621E6}.Debug|Any CPU.ActiveCfg = Debug|Any CPU
		{6A313623-4849-4C22-8491-3BE76A7621E6}.Debug|Any CPU.Build.0 = Debug|Any CPU
		{6A313623-4849-4C22-8491-3BE76A7621E6}.Release|Any CPU.ActiveCfg = Release|Any CPU
		{6A313623-4849-4C22-8491-3BE76A7621E6}.Release|Any CPU.Build.0 = Release|Any CPU
	EndGlobalSection
	GlobalSection(NestedProjects) = preSolution
		{2B4CCA97-7AE9-49A8-AFDB-2D8CB72F224B} = {CB4831B1-80FA-45B7-9485-45D471B8E7F4}
		{18DC94AC-29A0-4378-B732-0CC9EA9D9072} = {CB4831B1-80FA-45B7-9485-45D471B8E7F4}
		{B2FF64A9-8D6F-48A1-843E-0E84AD444310} = {CB4831B1-80FA-45B7-9485-45D471B8E7F4}
		{6C2FB1A8-C309-4B12-B859-5447B09A5DBF} = {CB4831B1-80FA-45B7-9485-45D471B8E7F4}
		{67685C4A-2044-4BB8-9183-479FA3DC7121} = {CB4831B1-80FA-45B7-9485-45D471B8E7F4}
		{43D24F56-9266-4BE0-B7E4-257805E30324} = {94B0B760-A75B-4862-BD14-266078329976}
		{2C142053-2795-47BA-9C9F-FBDA8E45313B} = {43D24F56-9266-4BE0-B7E4-257805E30324}
		{99DEBBFC-5EDD-4147-90CB-5B77F0F246E3} = {43D24F56-9266-4BE0-B7E4-257805E30324}
		{7D8C3B5F-D0BD-4E1C-B6EB-18A006F6F6C0} = {43D24F56-9266-4BE0-B7E4-257805E30324}
		{6F31E954-19C3-4A86-B52E-8EBF90B88009} = {43D24F56-9266-4BE0-B7E4-257805E30324}
		{260226E0-7CBF-4D89-801B-0721F45709DE} = {43D24F56-9266-4BE0-B7E4-257805E30324}
		{D076AF37-98AF-4C3E-ACCD-10002804CEA1} = {43D24F56-9266-4BE0-B7E4-257805E30324}
		{4BEB217F-9E26-4444-9D1A-F84DDC5562E3} = {94B0B760-A75B-4862-BD14-266078329976}
		{CB4831B1-80FA-45B7-9485-45D471B8E7F4} = {4BEB217F-9E26-4444-9D1A-F84DDC5562E3}
		{74C64E24-9494-4410-BC73-6EDD6791BC98} = {4BEB217F-9E26-4444-9D1A-F84DDC5562E3}
		{1C763422-87ED-49FF-A508-8C3EAE54CF5D} = {4BEB217F-9E26-4444-9D1A-F84DDC5562E3}
		{8E311FE4-AA54-4EAA-9BE8-17AB2DC12AA0} = {CB4831B1-80FA-45B7-9485-45D471B8E7F4}
		{AF7512E0-9D2F-4685-9E5D-937174981D1A} = {AA47E30C-6C50-443A-88A5-FD9BFDA9C31C}
		{6A313623-4849-4C22-8491-3BE76A7621E6} = {43D24F56-9266-4BE0-B7E4-257805E30324}
	EndGlobalSection
	GlobalSection(SolutionProperties) = preSolution
								HideSolutionNode = FALSE
	EndGlobalSection
				GlobalSection(ExtensibilityGlobals) = postSolution
								SolutionGuid = {83CB65B8-011F-4ED7-BCD3-A6CFA935EF7E}
				EndGlobalSection
EndGlobal
